{
  "name": "SHPS4Node-config",
  "version": "2.0.0",
  "lockfileVersion": 1,
  "requires": true,
  "dependencies": {
    "mics": {
      "version": "0.7.0",
      "resolved": "https://registry.npmjs.org/mics/-/mics-0.7.0.tgz",
      "integrity": "sha512-nugHiJAH9nzIiDTJVpRViPcj9jSqzqSih1vgjhSxQjIXy4NPCgNr57ljdjWDEATltY11bLNFShB5Gagj7bhzQA==",
      "requires": {
        "ulog": "1.0.3"
      }
    },
    "node-mod-load": {
      "version": "3.2.2",
      "resolved": "https://registry.npmjs.org/node-mod-load/-/node-mod-load-3.2.2.tgz",
      "integrity": "sha512-McR5fWod/VFtYFagnT08x5YK6dwZRY5ehGY0XVn4x+RZoU7/Azb8Ig04s+HR6PfHvQTZF5pVEWlNTG4rnn9EdA=="
    },
    "result-js": {
      "version": "3.0.2",
      "resolved": "https://registry.npmjs.org/result-js/-/result-js-3.0.2.tgz",
      "integrity": "sha512-nirfc2OCN/hF0IDA9cdBXK7wJN0go0MtkUzkeaagmbQU7/3s7f3tQBh4HWgdkbIuLDX8FR5jqDTxgiAoKidEKA=="
    },
    "roption-js": {
      "version": "1.0.0",
      "resolved": "https://registry.npmjs.org/roption-js/-/roption-js-1.0.0.tgz",
      "integrity": "sha512-EIDzs/QfZdSQ7w8PkvTsgdX2LqZ7TfrgRelK4BObYZ2xycTl6w6GHpN+SJBi38OCTYPqBMHq7WRGmoIbMI+s+g=="
    },
    "rustify-js": {
      "version": "0.1.1",
      "resolved": "https://registry.npmjs.org/rustify-js/-/rustify-js-0.1.1.tgz",
      "integrity": "sha512-JeWDXG++UkTkhaSsAZozCGGc4xZN/zQ/yyC8bc6abA5jFVmMSZq0wz8sj327l9HkRAZX8qD7MRkhdg6eR9cxWw==",
      "requires": {
        "result-js": "3.0.2",
        "roption-js": "1.0.0"
      }
    },
    "semver": {
      "version": "5.3.0",
      "resolved": "https://registry.npmjs.org/semver/-/semver-5.3.0.tgz",
      "integrity": "sha1-myzl094C0XxgEq0yaqa00M9U+U8="
    },
    "ulog": {
      "version": "1.0.3",
      "resolved": "https://registry.npmjs.org/ulog/-/ulog-1.0.3.tgz",
      "integrity": "sha512-NpMlZXWLG/jp+oT2jfvkpZFm70qgvm/2op9ZRB42f3hBP9IO7wih8A/Z4EpDruPbs1PEDgo8IJ+QCc7YmVvwnQ=="
    }
  }
}
